schema: '2.0'
stages:
  data_ingestion:
    cmd: python src/data_ingestion.py
    deps:
    - path: src/data_ingestion.py
      hash: md5
      md5: 5145fdc153590cc285016488f550aba8
      size: 3654
    params:
      params.yaml:
        data_ingestion.test_size: 0.1
    outs:
    - path: data/raw
      hash: md5
      md5: 9097e041a34df9054caed15688df1464.dir
      size: 484846
      nfiles: 2
  data_preprocessing:
    cmd: python src/data_preprocessing.py
    deps:
    - path: data/raw
      hash: md5
      md5: 9097e041a34df9054caed15688df1464.dir
      size: 484846
      nfiles: 2
    - path: src/data_preprocessing.py
      hash: md5
      md5: 29e651bc6ad8b328108f6afd40cf7f30
      size: 3977
    outs:
    - path: data/interim
      hash: md5
      md5: 372e18bfa771372d41b683bc64b32377.dir
      size: 257605
      nfiles: 2
  feature_engineering:
    cmd: python src/feature_engineering.py
    deps:
    - path: data/interim
      hash: md5
      md5: 372e18bfa771372d41b683bc64b32377.dir
      size: 257605
      nfiles: 2
    - path: src/feature_engineering.py
      hash: md5
      md5: 1fdd8b123ad5becd7644f4fe30891464
      size: 3911
    params:
      params.yaml:
        feature_engineering.max_features: 35
    outs:
    - path: data/processed
      hash: md5
      md5: ad9e0c8b49a746c3c89060fbacba43ec.dir
      size: 829921
      nfiles: 2
  model_building:
    cmd: python src/model_building.py
    deps:
    - path: data/processed
      hash: md5
      md5: ad9e0c8b49a746c3c89060fbacba43ec.dir
      size: 829921
      nfiles: 2
    - path: src/model_building.py
      hash: md5
      md5: cc1ef25a69d1ea32a38759c6d34cfe50
      size: 4486
    params:
      params.yaml:
        model_building.n_estimators: 22
        model_building.random_state: 2
    outs:
    - path: models/model.pkl
      hash: md5
      md5: 5adf0cf1be50095a46b3faa2cc6df01d
      size: 778396
  model_evaluation:
    cmd: python src/model_evaluation.py
    deps:
    - path: models/model.pkl
      hash: md5
      md5: 5adf0cf1be50095a46b3faa2cc6df01d
      size: 778396
    - path: src/model_evaluation.py
      hash: md5
      md5: 907c8e3596a25ef16688a365e9396b0c
      size: 4655
    outs:
    - path: reports/metrics.json
      hash: md5
      md5: f6ec5c09b7e61505734642b828035255
      size: 131
